
Microsoft Visual Studio Solution File, Format Version 12.00
# Visual Studio 14
VisualStudioVersion = 14.0.25420.1
MinimumVisualStudioVersion = 10.0.40219.1
Project("{FAE04EC0-301F-11D3-BF4B-00C04F79EFBC}") = "RandomQuote", "RandomQuote\RandomQuote\RandomQuote.csproj", "{9C4F7B9D-DC7F-49DC-9DB6-E1DA818061C3}"
EndProject
Project("{FAE04EC0-301F-11D3-BF4B-00C04F79EFBC}") = "RandomQuote.Droid", "RandomQuote\RandomQuote.Droid\RandomQuote.Droid.csproj", "{2705C9F4-2676-4263-85C8-AA72D7DCA579}"
EndProject
Project("{FAE04EC0-301F-11D3-BF4B-00C04F79EFBC}") = "RandomQuote.iOS", "RandomQuote\RandomQuote.iOS\RandomQuote.iOS.csproj", "{301780B2-979F-4A6B-8933-415581F0FD62}"
EndProject
Project("{FAE04EC0-301F-11D3-BF4B-00C04F79EFBC}") = "RandomQuote.WinPhone", "RandomQuote\RandomQuote.WinPhone\RandomQuote.WinPhone.csproj", "{EE849AEF-45F9-425A-B18F-1DABA04EE4AD}"
EndProject
Project("{FAE04EC0-301F-11D3-BF4B-00C04F79EFBC}") = "RandomQuote.UWP", "RandomQuote\RandomQuote.UWP\RandomQuote.UWP.csproj", "{75383BC2-6093-4D3F-8CFE-D8C20534D116}"
EndProject
Project("{FAE04EC0-301F-11D3-BF4B-00C04F79EFBC}") = "RandomQuote.Windows", "RandomQuote\RandomQuote.Windows\RandomQuote.Windows.csproj", "{01BF6BDF-D0CD-4E04-B129-0A17CDE218CD}"
EndProject
Global
	GlobalSection(SolutionConfigurationPlatforms) = preSolution
		Ad-Hoc|Any CPU = Ad-Hoc|Any CPU
		Ad-Hoc|ARM = Ad-Hoc|ARM
		Ad-Hoc|iPhone = Ad-Hoc|iPhone
		Ad-Hoc|iPhoneSimulator = Ad-Hoc|iPhoneSimulator
		Ad-Hoc|x64 = Ad-Hoc|x64
		Ad-Hoc|x86 = Ad-Hoc|x86
		AppStore|Any CPU = AppStore|Any CPU
		AppStore|ARM = AppStore|ARM
		AppStore|iPhone = AppStore|iPhone
		AppStore|iPhoneSimulator = AppStore|iPhoneSimulator
		AppStore|x64 = AppStore|x64
		AppStore|x86 = AppStore|x86
		Debug|Any CPU = Debug|Any CPU
		Debug|ARM = Debug|ARM
		Debug|iPhone = Debug|iPhone
		Debug|iPhoneSimulator = Debug|iPhoneSimulator
		Debug|x64 = Debug|x64
		Debug|x86 = Debug|x86
		Release|Any CPU = Release|Any CPU
		Release|ARM = Release|ARM
		Release|iPhone = Release|iPhone
		Release|iPhoneSimulator = Release|iPhoneSimulator
		Release|x64 = Release|x64
		Release|x86 = Release|x86
	EndGlobalSection
	GlobalSection(ProjectConfigurationPlatforms) = postSolution
		{9C4F7B9D-DC7F-49DC-9DB6-E1DA818061C3}.Ad-Hoc|Any CPU.ActiveCfg = Release|Any CPU
		{9C4F7B9D-DC7F-49DC-9DB6-E1DA818061C3}.Ad-Hoc|Any CPU.Build.0 = Release|Any CPU
		{9C4F7B9D-DC7F-49DC-9DB6-E1DA818061C3}.Ad-Hoc|ARM.ActiveCfg = Release|Any CPU
		{9C4F7B9D-DC7F-49DC-9DB6-E1DA818061C3}.Ad-Hoc|ARM.Build.0 = Release|Any CPU
		{9C4F7B9D-DC7F-49DC-9DB6-E1DA818061C3}.Ad-Hoc|iPhone.ActiveCfg = Release|Any CPU
		{9C4F7B9D-DC7F-49DC-9DB6-E1DA818061C3}.Ad-Hoc|iPhone.Build.0 = Release|Any CPU
		{9C4F7B9D-DC7F-49DC-9DB6-E1DA818061C3}.Ad-Hoc|iPhoneSimulator.ActiveCfg = Release|Any CPU
		{9C4F7B9D-DC7F-49DC-9DB6-E1DA818061C3}.Ad-Hoc|iPhoneSimulator.Build.0 = Release|Any CPU
		{9C4F7B9D-DC7F-49DC-9DB6-E1DA818061C3}.Ad-Hoc|x64.ActiveCfg = Release|Any CPU
		{9C4F7B9D-DC7F-49DC-9DB6-E1DA818061C3}.Ad-Hoc|x64.Build.0 = Release|Any CPU
		{9C4F7B9D-DC7F-49DC-9DB6-E1DA818061C3}.Ad-Hoc|x86.ActiveCfg = Release|Any CPU
		{9C4F7B9D-DC7F-49DC-9DB6-E1DA818061C3}.Ad-Hoc|x86.Build.0 = Release|Any CPU
		{9C4F7B9D-DC7F-49DC-9DB6-E1DA818061C3}.AppStore|Any CPU.ActiveCfg = Release|Any CPU
		{9C4F7B9D-DC7F-49DC-9DB6-E1DA818061C3}.AppStore|Any CPU.Build.0 = Release|Any CPU
		{9C4F7B9D-DC7F-49DC-9DB6-E1DA818061C3}.AppStore|ARM.ActiveCfg = Release|Any CPU
		{9C4F7B9D-DC7F-49DC-9DB6-E1DA818061C3}.AppStore|ARM.Build.0 = Release|Any CPU
		{9C4F7B9D-DC7F-49DC-9DB6-E1DA818061C3}.AppStore|iPhone.ActiveCfg = Release|Any CPU
		{9C4F7B9D-DC7F-49DC-9DB6-E1DA818061C3}.AppStore|iPhone.Build.0 = Release|Any CPU
		{9C4F7B9D-DC7F-49DC-9DB6-E1DA818061C3}.AppStore|iPhoneSimulator.ActiveCfg = Release|Any CPU
		{9C4F7B9D-DC7F-49DC-9DB6-E1DA818061C3}.AppStore|iPhoneSimulator.Build.0 = Release|Any CPU
		{9C4F7B9D-DC7F-49DC-9DB6-E1DA818061C3}.AppStore|x64.ActiveCfg = Release|Any CPU
		{9C4F7B9D-DC7F-49DC-9DB6-E1DA818061C3}.AppStore|x64.Build.0 = Release|Any CPU
		{9C4F7B9D-DC7F-49DC-9DB6-E1DA818061C3}.AppStore|x86.ActiveCfg = Release|Any CPU
		{9C4F7B9D-DC7F-49DC-9DB6-E1DA818061C3}.AppStore|x86.Build.0 = Release|Any CPU
		{9C4F7B9D-DC7F-49DC-9DB6-E1DA818061C3}.Debug|Any CPU.ActiveCfg = Debug|Any CPU
		{9C4F7B9D-DC7F-49DC-9DB6-E1DA818061C3}.Debug|Any CPU.Build.0 = Debug|Any CPU
		{9C4F7B9D-DC7F-49DC-9DB6-E1DA818061C3}.Debug|ARM.ActiveCfg = Debug|Any CPU
		{9C4F7B9D-DC7F-49DC-9DB6-E1DA818061C3}.Debug|ARM.Build.0 = Debug|Any CPU
		{9C4F7B9D-DC7F-49DC-9DB6-E1DA818061C3}.Debug|iPhone.ActiveCfg = Debug|Any CPU
		{9C4F7B9D-DC7F-49DC-9DB6-E1DA818061C3}.Debug|iPhone.Build.0 = Debug|Any CPU
		{9C4F7B9D-DC7F-49DC-9DB6-E1DA818061C3}.Debug|iPhoneSimulator.ActiveCfg = Debug|Any CPU
		{9C4F7B9D-DC7F-49DC-9DB6-E1DA818061C3}.Debug|iPhoneSimulator.Build.0 = Debug|Any CPU
		{9C4F7B9D-DC7F-49DC-9DB6-E1DA818061C3}.Debug|x64.ActiveCfg = Debug|Any CPU
		{9C4F7B9D-DC7F-49DC-9DB6-E1DA818061C3}.Debug|x64.Build.0 = Debug|Any CPU
		{9C4F7B9D-DC7F-49DC-9DB6-E1DA818061C3}.Debug|x86.ActiveCfg = Debug|Any CPU
		{9C4F7B9D-DC7F-49DC-9DB6-E1DA818061C3}.Debug|x86.Build.0 = Debug|Any CPU
		{9C4F7B9D-DC7F-49DC-9DB6-E1DA818061C3}.Release|Any CPU.ActiveCfg = Release|Any CPU
		{9C4F7B9D-DC7F-49DC-9DB6-E1DA818061C3}.Release|Any CPU.Build.0 = Release|Any CPU
		{9C4F7B9D-DC7F-49DC-9DB6-E1DA818061C3}.Release|ARM.ActiveCfg = Release|Any CPU
		{9C4F7B9D-DC7F-49DC-9DB6-E1DA818061C3}.Release|ARM.Build.0 = Release|Any CPU
		{9C4F7B9D-DC7F-49DC-9DB6-E1DA818061C3}.Release|iPhone.ActiveCfg = Release|Any CPU
		{9C4F7B9D-DC7F-49DC-9DB6-E1DA818061C3}.Release|iPhone.Build.0 = Release|Any CPU
		{9C4F7B9D-DC7F-49DC-9DB6-E1DA818061C3}.Release|iPhoneSimulator.ActiveCfg = Release|Any CPU
		{9C4F7B9D-DC7F-49DC-9DB6-E1DA818061C3}.Release|iPhoneSimulator.Build.0 = Release|Any CPU
		{9C4F7B9D-DC7F-49DC-9DB6-E1DA818061C3}.Release|x64.ActiveCfg = Release|Any CPU
		{9C4F7B9D-DC7F-49DC-9DB6-E1DA818061C3}.Release|x64.Build.0 = Release|Any CPU
		{9C4F7B9D-DC7F-49DC-9DB6-E1DA818061C3}.Release|x86.ActiveCfg = Release|Any CPU
		{9C4F7B9D-DC7F-49DC-9DB6-E1DA818061C3}.Release|x86.Build.0 = Release|Any CPU
		{2705C9F4-2676-4263-85C8-AA72D7DCA579}.Ad-Hoc|Any CPU.ActiveCfg = Release|Any CPU
		{2705C9F4-2676-4263-85C8-AA72D7DCA579}.Ad-Hoc|Any CPU.Build.0 = Release|Any CPU
		{2705C9F4-2676-4263-85C8-AA72D7DCA579}.Ad-Hoc|Any CPU.Deploy.0 = Release|Any CPU
		{2705C9F4-2676-4263-85C8-AA72D7DCA579}.Ad-Hoc|ARM.ActiveCfg = Release|Any CPU
		{2705C9F4-2676-4263-85C8-AA72D7DCA579}.Ad-Hoc|ARM.Build.0 = Release|Any CPU
		{2705C9F4-2676-4263-85C8-AA72D7DCA579}.Ad-Hoc|ARM.Deploy.0 = Release|Any CPU
		{2705C9F4-2676-4263-85C8-AA72D7DCA579}.Ad-Hoc|iPhone.ActiveCfg = Release|Any CPU
		{2705C9F4-2676-4263-85C8-AA72D7DCA579}.Ad-Hoc|iPhone.Build.0 = Release|Any CPU
		{2705C9F4-2676-4263-85C8-AA72D7DCA579}.Ad-Hoc|iPhone.Deploy.0 = Release|Any CPU
		{2705C9F4-2676-4263-85C8-AA72D7DCA579}.Ad-Hoc|iPhoneSimulator.ActiveCfg = Release|Any CPU
		{2705C9F4-2676-4263-85C8-AA72D7DCA579}.Ad-Hoc|iPhoneSimulator.Build.0 = Release|Any CPU
		{2705C9F4-2676-4263-85C8-AA72D7DCA579}.Ad-Hoc|iPhoneSimulator.Deploy.0 = Release|Any CPU
		{2705C9F4-2676-4263-85C8-AA72D7DCA579}.Ad-Hoc|x64.ActiveCfg = Release|Any CPU
		{2705C9F4-2676-4263-85C8-AA72D7DCA579}.Ad-Hoc|x64.Build.0 = Release|Any CPU
		{2705C9F4-2676-4263-85C8-AA72D7DCA579}.Ad-Hoc|x64.Deploy.0 = Release|Any CPU
		{2705C9F4-2676-4263-85C8-AA72D7DCA579}.Ad-Hoc|x86.ActiveCfg = Release|Any CPU
		{2705C9F4-2676-4263-85C8-AA72D7DCA579}.Ad-Hoc|x86.Build.0 = Release|Any CPU
		{2705C9F4-2676-4263-85C8-AA72D7DCA579}.Ad-Hoc|x86.Deploy.0 = Release|Any CPU
		{2705C9F4-2676-4263-85C8-AA72D7DCA579}.AppStore|Any CPU.ActiveCfg = Release|Any CPU
		{2705C9F4-2676-4263-85C8-AA72D7DCA579}.AppStore|Any CPU.Build.0 = Release|Any CPU
		{2705C9F4-2676-4263-85C8-AA72D7DCA579}.AppStore|Any CPU.Deploy.0 = Release|Any CPU
		{2705C9F4-2676-4263-85C8-AA72D7DCA579}.AppStore|ARM.ActiveCfg = Release|Any CPU
		{2705C9F4-2676-4263-85C8-AA72D7DCA579}.AppStore|ARM.Build.0 = Release|Any CPU
		{2705C9F4-2676-4263-85C8-AA72D7DCA579}.AppStore|ARM.Deploy.0 = Release|Any CPU
		{2705C9F4-2676-4263-85C8-AA72D7DCA579}.AppStore|iPhone.ActiveCfg = Release|Any CPU
		{2705C9F4-2676-4263-85C8-AA72D7DCA579}.AppStore|iPhone.Build.0 = Release|Any CPU
		{2705C9F4-2676-4263-85C8-AA72D7DCA579}.AppStore|iPhone.Deploy.0 = Release|Any CPU
		{2705C9F4-2676-4263-85C8-AA72D7DCA579}.AppStore|iPhoneSimulator.ActiveCfg = Release|Any CPU
		{2705C9F4-2676-4263-85C8-AA72D7DCA579}.AppStore|iPhoneSimulator.Build.0 = Release|Any CPU
		{2705C9F4-2676-4263-85C8-AA72D7DCA579}.AppStore|iPhoneSimulator.Deploy.0 = Release|Any CPU
		{2705C9F4-2676-4263-85C8-AA72D7DCA579}.AppStore|x64.ActiveCfg = Release|Any CPU
		{2705C9F4-2676-4263-85C8-AA72D7DCA579}.AppStore|x64.Build.0 = Release|Any CPU
		{2705C9F4-2676-4263-85C8-AA72D7DCA579}.AppStore|x64.Deploy.0 = Release|Any CPU
		{2705C9F4-2676-4263-85C8-AA72D7DCA579}.AppStore|x86.ActiveCfg = Release|Any CPU
		{2705C9F4-2676-4263-85C8-AA72D7DCA579}.AppStore|x86.Build.0 = Release|Any CPU
		{2705C9F4-2676-4263-85C8-AA72D7DCA579}.AppStore|x86.Deploy.0 = Release|Any CPU
		{2705C9F4-2676-4263-85C8-AA72D7DCA579}.Debug|Any CPU.ActiveCfg = Debug|Any CPU
		{2705C9F4-2676-4263-85C8-AA72D7DCA579}.Debug|Any CPU.Build.0 = Debug|Any CPU
		{2705C9F4-2676-4263-85C8-AA72D7DCA579}.Debug|Any CPU.Deploy.0 = Debug|Any CPU
		{2705C9F4-2676-4263-85C8-AA72D7DCA579}.Debug|ARM.ActiveCfg = Debug|Any CPU
		{2705C9F4-2676-4263-85C8-AA72D7DCA579}.Debug|ARM.Build.0 = Debug|Any CPU
		{2705C9F4-2676-4263-85C8-AA72D7DCA579}.Debug|ARM.Deploy.0 = Debug|Any CPU
		{2705C9F4-2676-4263-85C8-AA72D7DCA579}.Debug|iPhone.ActiveCfg = Debug|Any CPU
		{2705C9F4-2676-4263-85C8-AA72D7DCA579}.Debug|iPhone.Build.0 = Debug|Any CPU
		{2705C9F4-2676-4263-85C8-AA72D7DCA579}.Debug|iPhone.Deploy.0 = Debug|Any CPU
		{2705C9F4-2676-4263-85C8-AA72D7DCA579}.Debug|iPhoneSimulator.ActiveCfg = Debug|Any CPU
		{2705C9F4-2676-4263-85C8-AA72D7DCA579}.Debug|iPhoneSimulator.Build.0 = Debug|Any CPU
		{2705C9F4-2676-4263-85C8-AA72D7DCA579}.Debug|iPhoneSimulator.Deploy.0 = Debug|Any CPU
		{2705C9F4-2676-4263-85C8-AA72D7DCA579}.Debug|x64.ActiveCfg = Debug|Any CPU
		{2705C9F4-2676-4263-85C8-AA72D7DCA579}.Debug|x64.Build.0 = Debug|Any CPU
		{2705C9F4-2676-4263-85C8-AA72D7DCA579}.Debug|x64.Deploy.0 = Debug|Any CPU
		{2705C9F4-2676-4263-85C8-AA72D7DCA579}.Debug|x86.ActiveCfg = Debug|Any CPU
		{2705C9F4-2676-4263-85C8-AA72D7DCA579}.Debug|x86.Build.0 = Debug|Any CPU
		{2705C9F4-2676-4263-85C8-AA72D7DCA579}.Debug|x86.Deploy.0 = Debug|Any CPU
		{2705C9F4-2676-4263-85C8-AA72D7DCA579}.Release|Any CPU.ActiveCfg = Release|Any CPU
		{2705C9F4-2676-4263-85C8-AA72D7DCA579}.Release|Any CPU.Build.0 = Release|Any CPU
		{2705C9F4-2676-4263-85C8-AA72D7DCA579}.Release|Any CPU.Deploy.0 = Release|Any CPU
		{2705C9F4-2676-4263-85C8-AA72D7DCA579}.Release|ARM.ActiveCfg = Release|Any CPU
		{2705C9F4-2676-4263-85C8-AA72D7DCA579}.Release|ARM.Build.0 = Release|Any CPU
		{2705C9F4-2676-4263-85C8-AA72D7DCA579}.Release|ARM.Deploy.0 = Release|Any CPU
		{2705C9F4-2676-4263-85C8-AA72D7DCA579}.Release|iPhone.ActiveCfg = Release|Any CPU
		{2705C9F4-2676-4263-85C8-AA72D7DCA579}.Release|iPhone.Build.0 = Release|Any CPU
		{2705C9F4-2676-4263-85C8-AA72D7DCA579}.Release|iPhone.Deploy.0 = Release|Any CPU
		{2705C9F4-2676-4263-85C8-AA72D7DCA579}.Release|iPhoneSimulator.ActiveCfg = Release|Any CPU
		{2705C9F4-2676-4263-85C8-AA72D7DCA579}.Release|iPhoneSimulator.Build.0 = Release|Any CPU
		{2705C9F4-2676-4263-85C8-AA72D7DCA579}.Release|iPhoneSimulator.Deploy.0 = Release|Any CPU
		{2705C9F4-2676-4263-85C8-AA72D7DCA579}.Release|x64.ActiveCfg = Release|Any CPU
		{2705C9F4-2676-4263-85C8-AA72D7DCA579}.Release|x64.Build.0 = Release|Any CPU
		{2705C9F4-2676-4263-85C8-AA72D7DCA579}.Release|x64.Deploy.0 = Release|Any CPU
		{2705C9F4-2676-4263-85C8-AA72D7DCA579}.Release|x86.ActiveCfg = Release|Any CPU
		{2705C9F4-2676-4263-85C8-AA72D7DCA579}.Release|x86.Build.0 = Release|Any CPU
		{2705C9F4-2676-4263-85C8-AA72D7DCA579}.Release|x86.Deploy.0 = Release|Any CPU
		{301780B2-979F-4A6B-8933-415581F0FD62}.Ad-Hoc|Any CPU.ActiveCfg = Ad-Hoc|iPhone
		{301780B2-979F-4A6B-8933-415581F0FD62}.Ad-Hoc|ARM.ActiveCfg = Ad-Hoc|iPhone
		{301780B2-979F-4A6B-8933-415581F0FD62}.Ad-Hoc|iPhone.ActiveCfg = Ad-Hoc|iPhone
		{301780B2-979F-4A6B-8933-415581F0FD62}.Ad-Hoc|iPhone.Build.0 = Ad-Hoc|iPhone
		{301780B2-979F-4A6B-8933-415581F0FD62}.Ad-Hoc|iPhoneSimulator.ActiveCfg = Ad-Hoc|iPhoneSimulator
		{301780B2-979F-4A6B-8933-415581F0FD62}.Ad-Hoc|iPhoneSimulator.Build.0 = Ad-Hoc|iPhoneSimulator
		{301780B2-979F-4A6B-8933-415581F0FD62}.Ad-Hoc|x64.ActiveCfg = Ad-Hoc|iPhone
		{301780B2-979F-4A6B-8933-415581F0FD62}.Ad-Hoc|x86.ActiveCfg = Ad-Hoc|iPhone
		{301780B2-979F-4A6B-8933-415581F0FD62}.AppStore|Any CPU.ActiveCfg = AppStore|iPhone
		{301780B2-979F-4A6B-8933-415581F0FD62}.AppStore|ARM.ActiveCfg = AppStore|iPhone
		{301780B2-979F-4A6B-8933-415581F0FD62}.AppStore|iPhone.ActiveCfg = AppStore|iPhone
		{301780B2-979F-4A6B-8933-415581F0FD62}.AppStore|iPhone.Build.0 = AppStore|iPhone
		{301780B2-979F-4A6B-8933-415581F0FD62}.AppStore|iPhoneSimulator.ActiveCfg = AppStore|iPhoneSimulator
		{301780B2-979F-4A6B-8933-415581F0FD62}.AppStore|iPhoneSimulator.Build.0 = AppStore|iPhoneSimulator
		{301780B2-979F-4A6B-8933-415581F0FD62}.AppStore|x64.ActiveCfg = AppStore|iPhone
		{301780B2-979F-4A6B-8933-415581F0FD62}.AppStore|x86.ActiveCfg = AppStore|iPhone
		{301780B2-979F-4A6B-8933-415581F0FD62}.Debug|Any CPU.ActiveCfg = Debug|iPhone
		{301780B2-979F-4A6B-8933-415581F0FD62}.Debug|ARM.ActiveCfg = Debug|iPhone
		{301780B2-979F-4A6B-8933-415581F0FD62}.Debug|iPhone.ActiveCfg = Debug|iPhone
		{301780B2-979F-4A6B-8933-415581F0FD62}.Debug|iPhone.Build.0 = Debug|iPhone
		{301780B2-979F-4A6B-8933-415581F0FD62}.Debug|iPhoneSimulator.ActiveCfg = Debug|iPhoneSimulator
		{301780B2-979F-4A6B-8933-415581F0FD62}.Debug|iPhoneSimulator.Build.0 = Debug|iPhoneSimulator
		{301780B2-979F-4A6B-8933-415581F0FD62}.Debug|x64.ActiveCfg = Debug|iPhone
		{301780B2-979F-4A6B-8933-415581F0FD62}.Debug|x86.ActiveCfg = Debug|iPhone
		{301780B2-979F-4A6B-8933-415581F0FD62}.Release|Any CPU.ActiveCfg = Release|iPhone
		{301780B2-979F-4A6B-8933-415581F0FD62}.Release|ARM.ActiveCfg = Release|iPhone
		{301780B2-979F-4A6B-8933-415581F0FD62}.Release|iPhone.ActiveCfg = Release|iPhone
		{301780B2-979F-4A6B-8933-415581F0FD62}.Release|iPhone.Build.0 = Release|iPhone
		{301780B2-979F-4A6B-8933-415581F0FD62}.Release|iPhoneSimulator.ActiveCfg = Release|iPhoneSimulator
		{301780B2-979F-4A6B-8933-415581F0FD62}.Release|iPhoneSimulator.Build.0 = Release|iPhoneSimulator
		{301780B2-979F-4A6B-8933-415581F0FD62}.Release|x64.ActiveCfg = Release|iPhone
		{301780B2-979F-4A6B-8933-415581F0FD62}.Release|x86.ActiveCfg = Release|iPhone
		{EE849AEF-45F9-425A-B18F-1DABA04EE4AD}.Ad-Hoc|Any CPU.ActiveCfg = Release|Any CPU
		{EE849AEF-45F9-425A-B18F-1DABA04EE4AD}.Ad-Hoc|Any CPU.Build.0 = Release|Any CPU
		{EE849AEF-45F9-425A-B18F-1DABA04EE4AD}.Ad-Hoc|Any CPU.Deploy.0 = Release|Any CPU
		{EE849AEF-45F9-425A-B18F-1DABA04EE4AD}.Ad-Hoc|ARM.ActiveCfg = Release|ARM
		{EE849AEF-45F9-425A-B18F-1DABA04EE4AD}.Ad-Hoc|ARM.Build.0 = Release|ARM
		{EE849AEF-45F9-425A-B18F-1DABA04EE4AD}.Ad-Hoc|ARM.Deploy.0 = Release|ARM
		{EE849AEF-45F9-425A-B18F-1DABA04EE4AD}.Ad-Hoc|iPhone.ActiveCfg = Release|Any CPU
		{EE849AEF-45F9-425A-B18F-1DABA04EE4AD}.Ad-Hoc|iPhone.Build.0 = Release|Any CPU
		{EE849AEF-45F9-425A-B18F-1DABA04EE4AD}.Ad-Hoc|iPhone.Deploy.0 = Release|Any CPU
		{EE849AEF-45F9-425A-B18F-1DABA04EE4AD}.Ad-Hoc|iPhoneSimulator.ActiveCfg = Release|Any CPU
		{EE849AEF-45F9-425A-B18F-1DABA04EE4AD}.Ad-Hoc|iPhoneSimulator.Build.0 = Release|Any CPU
		{EE849AEF-45F9-425A-B18F-1DABA04EE4AD}.Ad-Hoc|iPhoneSimulator.Deploy.0 = Release|Any CPU
		{EE849AEF-45F9-425A-B18F-1DABA04EE4AD}.Ad-Hoc|x64.ActiveCfg = Release|Any CPU
		{EE849AEF-45F9-425A-B18F-1DABA04EE4AD}.Ad-Hoc|x64.Build.0 = Release|Any CPU
		{EE849AEF-45F9-425A-B18F-1DABA04EE4AD}.Ad-Hoc|x64.Deploy.0 = Release|Any CPU
		{EE849AEF-45F9-425A-B18F-1DABA04EE4AD}.Ad-Hoc|x86.ActiveCfg = Release|x86
		{EE849AEF-45F9-425A-B18F-1DABA04EE4AD}.Ad-Hoc|x86.Build.0 = Release|x86
		{EE849AEF-45F9-425A-B18F-1DABA04EE4AD}.Ad-Hoc|x86.Deploy.0 = Release|x86
		{EE849AEF-45F9-425A-B18F-1DABA04EE4AD}.AppStore|Any CPU.ActiveCfg = Release|Any CPU
		{EE849AEF-45F9-425A-B18F-1DABA04EE4AD}.AppStore|Any CPU.Build.0 = Release|Any CPU
		{EE849AEF-45F9-425A-B18F-1DABA04EE4AD}.AppStore|Any CPU.Deploy.0 = Release|Any CPU
		{EE849AEF-45F9-425A-B18F-1DABA04EE4AD}.AppStore|ARM.ActiveCfg = Release|ARM
		{EE849AEF-45F9-425A-B18F-1DABA04EE4AD}.AppStore|ARM.Build.0 = Release|ARM
		{EE849AEF-45F9-425A-B18F-1DABA04EE4AD}.AppStore|ARM.Deploy.0 = Release|ARM
		{EE849AEF-45F9-425A-B18F-1DABA04EE4AD}.AppStore|iPhone.ActiveCfg = Release|Any CPU
		{EE849AEF-45F9-425A-B18F-1DABA04EE4AD}.AppStore|iPhone.Build.0 = Release|Any CPU
		{EE849AEF-45F9-425A-B18F-1DABA04EE4AD}.AppStore|iPhone.Deploy.0 = Release|Any CPU
		{EE849AEF-45F9-425A-B18F-1DABA04EE4AD}.AppStore|iPhoneSimulator.ActiveCfg = Release|Any CPU
		{EE849AEF-45F9-425A-B18F-1DABA04EE4AD}.AppStore|iPhoneSimulator.Build.0 = Release|Any CPU
		{EE849AEF-45F9-425A-B18F-1DABA04EE4AD}.AppStore|iPhoneSimulator.Deploy.0 = Release|Any CPU
		{EE849AEF-45F9-425A-B18F-1DABA04EE4AD}.AppStore|x64.ActiveCfg = Release|Any CPU
		{EE849AEF-45F9-425A-B18F-1DABA04EE4AD}.AppStore|x64.Build.0 = Release|Any CPU
		{EE849AEF-45F9-425A-B18F-1DABA04EE4AD}.AppStore|x64.Deploy.0 = Release|Any CPU
		{EE849AEF-45F9-425A-B18F-1DABA04EE4AD}.AppStore|x86.ActiveCfg = Release|x86
		{EE849AEF-45F9-425A-B18F-1DABA04EE4AD}.AppStore|x86.Build.0 = Release|x86
		{EE849AEF-45F9-425A-B18F-1DABA04EE4AD}.AppStore|x86.Deploy.0 = Release|x86
		{EE849AEF-45F9-425A-B18F-1DABA04EE4AD}.Debug|Any CPU.ActiveCfg = Debug|Any CPU
		{EE849AEF-45F9-425A-B18F-1DABA04EE4AD}.Debug|Any CPU.Build.0 = Debug|Any CPU
		{EE849AEF-45F9-425A-B18F-1DABA04EE4AD}.Debug|Any CPU.Deploy.0 = Debug|Any CPU
		{EE849AEF-45F9-425A-B18F-1DABA04EE4AD}.Debug|ARM.ActiveCfg = Debug|ARM
		{EE849AEF-45F9-425A-B18F-1DABA04EE4AD}.Debug|ARM.Build.0 = Debug|ARM
		{EE849AEF-45F9-425A-B18F-1DABA04EE4AD}.Debug|ARM.Deploy.0 = Debug|ARM
		{EE849AEF-45F9-425A-B18F-1DABA04EE4AD}.Debug|iPhone.ActiveCfg = Debug|Any CPU
		{EE849AEF-45F9-425A-B18F-1DABA04EE4AD}.Debug|iPhone.Build.0 = Debug|Any CPU
		{EE849AEF-45F9-425A-B18F-1DABA04EE4AD}.Debug|iPhone.Deploy.0 = Debug|Any CPU
		{EE849AEF-45F9-425A-B18F-1DABA04EE4AD}.Debug|iPhoneSimulator.ActiveCfg = Debug|Any CPU
		{EE849AEF-45F9-425A-B18F-1DABA04EE4AD}.Debug|iPhoneSimulator.Build.0 = Debug|Any CPU
		{EE849AEF-45F9-425A-B18F-1DABA04EE4AD}.Debug|iPhoneSimulator.Deploy.0 = Debug|Any CPU
		{EE849AEF-45F9-425A-B18F-1DABA04EE4AD}.Debug|x64.ActiveCfg = Debug|Any CPU
		{EE849AEF-45F9-425A-B18F-1DABA04EE4AD}.Debug|x64.Build.0 = Debug|Any CPU
		{EE849AEF-45F9-425A-B18F-1DABA04EE4AD}.Debug|x64.Deploy.0 = Debug|Any CPU
		{EE849AEF-45F9-425A-B18F-1DABA04EE4AD}.Debug|x86.ActiveCfg = Debug|x86
		{EE849AEF-45F9-425A-B18F-1DABA04EE4AD}.Debug|x86.Build.0 = Debug|x86
		{EE849AEF-45F9-425A-B18F-1DABA04EE4AD}.Debug|x86.Deploy.0 = Debug|x86
		{EE849AEF-45F9-425A-B18F-1DABA04EE4AD}.Release|Any CPU.ActiveCfg = Release|Any CPU
		{EE849AEF-45F9-425A-B18F-1DABA04EE4AD}.Release|Any CPU.Build.0 = Release|Any CPU
		{EE849AEF-45F9-425A-B18F-1DABA04EE4AD}.Release|Any CPU.Deploy.0 = Release|Any CPU
		{EE849AEF-45F9-425A-B18F-1DABA04EE4AD}.Release|ARM.ActiveCfg = Release|ARM
		{EE849AEF-45F9-425A-B18F-1DABA04EE4AD}.Release|ARM.Build.0 = Release|ARM
		{EE849AEF-45F9-425A-B18F-1DABA04EE4AD}.Release|ARM.Deploy.0 = Release|ARM
		{EE849AEF-45F9-425A-B18F-1DABA04EE4AD}.Release|iPhone.ActiveCfg = Release|Any CPU
		{EE849AEF-45F9-425A-B18F-1DABA04EE4AD}.Release|iPhone.Build.0 = Release|Any CPU
		{EE849AEF-45F9-425A-B18F-1DABA04EE4AD}.Release|iPhone.Deploy.0 = Release|Any CPU
		{EE849AEF-45F9-425A-B18F-1DABA04EE4AD}.Release|iPhoneSimulator.ActiveCfg = Release|Any CPU
		{EE849AEF-45F9-425A-B18F-1DABA04EE4AD}.Release|iPhoneSimulator.Build.0 = Release|Any CPU
		{EE849AEF-45F9-425A-B18F-1DABA04EE4AD}.Release|iPhoneSimulator.Deploy.0 = Release|Any CPU
		{EE849AEF-45F9-425A-B18F-1DABA04EE4AD}.Release|x64.ActiveCfg = Release|Any CPU
		{EE849AEF-45F9-425A-B18F-1DABA04EE4AD}.Release|x64.Build.0 = Release|Any CPU
		{EE849AEF-45F9-425A-B18F-1DABA04EE4AD}.Release|x64.Deploy.0 = Release|Any CPU
		{EE849AEF-45F9-425A-B18F-1DABA04EE4AD}.Release|x86.ActiveCfg = Release|x86
		{EE849AEF-45F9-425A-B18F-1DABA04EE4AD}.Release|x86.Build.0 = Release|x86
		{EE849AEF-45F9-425A-B18F-1DABA04EE4AD}.Release|x86.Deploy.0 = Release|x86
		{75383BC2-6093-4D3F-8CFE-D8C20534D116}.Ad-Hoc|Any CPU.ActiveCfg = Release|x86
		{75383BC2-6093-4D3F-8CFE-D8C20534D116}.Ad-Hoc|Any CPU.Build.0 = Release|x86
		{75383BC2-6093-4D3F-8CFE-D8C20534D116}.Ad-Hoc|Any CPU.Deploy.0 = Release|x86
		{75383BC2-6093-4D3F-8CFE-D8C20534D116}.Ad-Hoc|ARM.ActiveCfg = Release|ARM
		{75383BC2-6093-4D3F-8CFE-D8C20534D116}.Ad-Hoc|ARM.Build.0 = Release|ARM
		{75383BC2-6093-4D3F-8CFE-D8C20534D116}.Ad-Hoc|ARM.Deploy.0 = Release|ARM
		{75383BC2-6093-4D3F-8CFE-D8C20534D116}.Ad-Hoc|iPhone.ActiveCfg = Release|x86
		{75383BC2-6093-4D3F-8CFE-D8C20534D116}.Ad-Hoc|iPhone.Build.0 = Release|x86
		{75383BC2-6093-4D3F-8CFE-D8C20534D116}.Ad-Hoc|iPhone.Deploy.0 = Release|x86
		{75383BC2-6093-4D3F-8CFE-D8C20534D116}.Ad-Hoc|iPhoneSimulator.ActiveCfg = Release|x86
		{75383BC2-6093-4D3F-8CFE-D8C20534D116}.Ad-Hoc|iPhoneSimulator.Build.0 = Release|x86
		{75383BC2-6093-4D3F-8CFE-D8C20534D116}.Ad-Hoc|iPhoneSimulator.Deploy.0 = Release|x86
		{75383BC2-6093-4D3F-8CFE-D8C20534D116}.Ad-Hoc|x64.ActiveCfg = Release|x64
		{75383BC2-6093-4D3F-8CFE-D8C20534D116}.Ad-Hoc|x64.Build.0 = Release|x64
		{75383BC2-6093-4D3F-8CFE-D8C20534D116}.Ad-Hoc|x64.Deploy.0 = Release|x64
		{75383BC2-6093-4D3F-8CFE-D8C20534D116}.Ad-Hoc|x86.ActiveCfg = Release|x86
		{75383BC2-6093-4D3F-8CFE-D8C20534D116}.Ad-Hoc|x86.Build.0 = Release|x86
		{75383BC2-6093-4D3F-8CFE-D8C20534D116}.Ad-Hoc|x86.Deploy.0 = Release|x86
		{75383BC2-6093-4D3F-8CFE-D8C20534D116}.AppStore|Any CPU.ActiveCfg = Release|x86
		{75383BC2-6093-4D3F-8CFE-D8C20534D116}.AppStore|Any CPU.Build.0 = Release|x86
		{75383BC2-6093-4D3F-8CFE-D8C20534D116}.AppStore|Any CPU.Deploy.0 = Release|x86
		{75383BC2-6093-4D3F-8CFE-D8C20534D116}.AppStore|ARM.ActiveCfg = Release|ARM
		{75383BC2-6093-4D3F-8CFE-D8C20534D116}.AppStore|ARM.Build.0 = Release|ARM
		{75383BC2-6093-4D3F-8CFE-D8C20534D116}.AppStore|ARM.Deploy.0 = Release|ARM
		{75383BC2-6093-4D3F-8CFE-D8C20534D116}.AppStore|iPhone.ActiveCfg = Release|x86
		{75383BC2-6093-4D3F-8CFE-D8C20534D116}.AppStore|iPhone.Build.0 = Release|x86
		{75383BC2-6093-4D3F-8CFE-D8C20534D116}.AppStore|iPhone.Deploy.0 = Release|x86
		{75383BC2-6093-4D3F-8CFE-D8C20534D116}.AppStore|iPhoneSimulator.ActiveCfg = Release|x86
		{75383BC2-6093-4D3F-8CFE-D8C20534D116}.AppStore|iPhoneSimulator.Build.0 = Release|x86
		{75383BC2-6093-4D3F-8CFE-D8C20534D116}.AppStore|iPhoneSimulator.Deploy.0 = Release|x86
		{75383BC2-6093-4D3F-8CFE-D8C20534D116}.AppStore|x64.ActiveCfg = Release|x64
		{75383BC2-6093-4D3F-8CFE-D8C20534D116}.AppStore|x64.Build.0 = Release|x64
		{75383BC2-6093-4D3F-8CFE-D8C20534D116}.AppStore|x64.Deploy.0 = Release|x64
		{75383BC2-6093-4D3F-8CFE-D8C20534D116}.AppStore|x86.ActiveCfg = Release|x86
		{75383BC2-6093-4D3F-8CFE-D8C20534D116}.AppStore|x86.Build.0 = Release|x86
		{75383BC2-6093-4D3F-8CFE-D8C20534D116}.AppStore|x86.Deploy.0 = Release|x86
		{75383BC2-6093-4D3F-8CFE-D8C20534D116}.Debug|Any CPU.ActiveCfg = Debug|x86
		{75383BC2-6093-4D3F-8CFE-D8C20534D116}.Debug|ARM.ActiveCfg = Debug|ARM
		{75383BC2-6093-4D3F-8CFE-D8C20534D116}.Debug|ARM.Build.0 = Debug|ARM
		{75383BC2-6093-4D3F-8CFE-D8C20534D116}.Debug|ARM.Deploy.0 = Debug|ARM
		{75383BC2-6093-4D3F-8CFE-D8C20534D116}.Debug|iPhone.ActiveCfg = Debug|x86
		{75383BC2-6093-4D3F-8CFE-D8C20534D116}.Debug|iPhoneSimulator.ActiveCfg = Debug|x86
		{75383BC2-6093-4D3F-8CFE-D8C20534D116}.Debug|x64.ActiveCfg = Debug|x64
		{75383BC2-6093-4D3F-8CFE-D8C20534D116}.Debug|x64.Build.0 = Debug|x64
		{75383BC2-6093-4D3F-8CFE-D8C20534D116}.Debug|x64.Deploy.0 = Debug|x64
		{75383BC2-6093-4D3F-8CFE-D8C20534D116}.Debug|x86.ActiveCfg = Debug|x86
		{75383BC2-6093-4D3F-8CFE-D8C20534D116}.Debug|x86.Build.0 = Debug|x86
		{75383BC2-6093-4D3F-8CFE-D8C20534D116}.Debug|x86.Deploy.0 = Debug|x86
		{75383BC2-6093-4D3F-8CFE-D8C20534D116}.Release|Any CPU.ActiveCfg = Release|x86
		{75383BC2-6093-4D3F-8CFE-D8C20534D116}.Release|ARM.ActiveCfg = Release|ARM
		{75383BC2-6093-4D3F-8CFE-D8C20534D116}.Release|ARM.Build.0 = Release|ARM
		{75383BC2-6093-4D3F-8CFE-D8C20534D116}.Release|ARM.Deploy.0 = Release|ARM
		{75383BC2-6093-4D3F-8CFE-D8C20534D116}.Release|iPhone.ActiveCfg = Release|x86
		{75383BC2-6093-4D3F-8CFE-D8C20534D116}.Release|iPhoneSimulator.ActiveCfg = Release|x86
		{75383BC2-6093-4D3F-8CFE-D8C20534D116}.Release|x64.ActiveCfg = Release|x64
		{75383BC2-6093-4D3F-8CFE-D8C20534D116}.Release|x64.Build.0 = Release|x64
		{75383BC2-6093-4D3F-8CFE-D8C20534D116}.Release|x64.Deploy.0 = Release|x64
		{75383BC2-6093-4D3F-8CFE-D8C20534D116}.Release|x86.ActiveCfg = Release|x86
		{75383BC2-6093-4D3F-8CFE-D8C20534D116}.Release|x86.Build.0 = Release|x86
		{75383BC2-6093-4D3F-8CFE-D8C20534D116}.Release|x86.Deploy.0 = Release|x86
		{01BF6BDF-D0CD-4E04-B129-0A17CDE218CD}.Ad-Hoc|Any CPU.ActiveCfg = Release|Any CPU
		{01BF6BDF-D0CD-4E04-B129-0A17CDE218CD}.Ad-Hoc|Any CPU.Build.0 = Release|Any CPU
		{01BF6BDF-D0CD-4E04-B129-0A17CDE218CD}.Ad-Hoc|Any CPU.Deploy.0 = Release|Any CPU
		{01BF6BDF-D0CD-4E04-B129-0A17CDE218CD}.Ad-Hoc|ARM.ActiveCfg = Release|ARM
		{01BF6BDF-D0CD-4E04-B129-0A17CDE218CD}.Ad-Hoc|ARM.Build.0 = Release|ARM
		{01BF6BDF-D0CD-4E04-B129-0A17CDE218CD}.Ad-Hoc|ARM.Deploy.0 = Release|ARM
		{01BF6BDF-D0CD-4E04-B129-0A17CDE218CD}.Ad-Hoc|iPhone.ActiveCfg = Release|Any CPU
		{01BF6BDF-D0CD-4E04-B129-0A17CDE218CD}.Ad-Hoc|iPhone.Build.0 = Release|Any CPU
		{01BF6BDF-D0CD-4E04-B129-0A17CDE218CD}.Ad-Hoc|iPhone.Deploy.0 = Release|Any CPU
		{01BF6BDF-D0CD-4E04-B129-0A17CDE218CD}.Ad-Hoc|iPhoneSimulator.ActiveCfg = Release|Any CPU
		{01BF6BDF-D0CD-4E04-B129-0A17CDE218CD}.Ad-Hoc|iPhoneSimulator.Build.0 = Release|Any CPU
		{01BF6BDF-D0CD-4E04-B129-0A17CDE218CD}.Ad-Hoc|iPhoneSimulator.Deploy.0 = Release|Any CPU
		{01BF6BDF-D0CD-4E04-B129-0A17CDE218CD}.Ad-Hoc|x64.ActiveCfg = Release|x64
		{01BF6BDF-D0CD-4E04-B129-0A17CDE218CD}.Ad-Hoc|x64.Build.0 = Release|x64
		{01BF6BDF-D0CD-4E04-B129-0A17CDE218CD}.Ad-Hoc|x64.Deploy.0 = Release|x64
		{01BF6BDF-D0CD-4E04-B129-0A17CDE218CD}.Ad-Hoc|x86.ActiveCfg = Release|x86
		{01BF6BDF-D0CD-4E04-B129-0A17CDE218CD}.Ad-Hoc|x86.Build.0 = Release|x86
		{01BF6BDF-D0CD-4E04-B129-0A17CDE218CD}.Ad-Hoc|x86.Deploy.0 = Release|x86
		{01BF6BDF-D0CD-4E04-B129-0A17CDE218CD}.AppStore|Any CPU.ActiveCfg = Release|Any CPU
		{01BF6BDF-D0CD-4E04-B129-0A17CDE218CD}.AppStore|Any CPU.Build.0 = Release|Any CPU
		{01BF6BDF-D0CD-4E04-B129-0A17CDE218CD}.AppStore|Any CPU.Deploy.0 = Release|Any CPU
		{01BF6BDF-D0CD-4E04-B129-0A17CDE218CD}.AppStore|ARM.ActiveCfg = Release|ARM
		{01BF6BDF-D0CD-4E04-B129-0A17CDE218CD}.AppStore|ARM.Build.0 = Release|ARM
		{01BF6BDF-D0CD-4E04-B129-0A17CDE218CD}.AppStore|ARM.Deploy.0 = Release|ARM
		{01BF6BDF-D0CD-4E04-B129-0A17CDE218CD}.AppStore|iPhone.ActiveCfg = Release|Any CPU
		{01BF6BDF-D0CD-4E04-B129-0A17CDE218CD}.AppStore|iPhone.Build.0 = Release|Any CPU
		{01BF6BDF-D0CD-4E04-B129-0A17CDE218CD}.AppStore|iPhone.Deploy.0 = Release|Any CPU
		{01BF6BDF-D0CD-4E04-B129-0A17CDE218CD}.AppStore|iPhoneSimulator.ActiveCfg = Release|Any CPU
		{01BF6BDF-D0CD-4E04-B129-0A17CDE218CD}.AppStore|iPhoneSimulator.Build.0 = Release|Any CPU
		{01BF6BDF-D0CD-4E04-B129-0A17CDE218CD}.AppStore|iPhoneSimulator.Deploy.0 = Release|Any CPU
		{01BF6BDF-D0CD-4E04-B129-0A17CDE218CD}.AppStore|x64.ActiveCfg = Release|x64
		{01BF6BDF-D0CD-4E04-B129-0A17CDE218CD}.AppStore|x64.Build.0 = Release|x64
		{01BF6BDF-D0CD-4E04-B129-0A17CDE218CD}.AppStore|x64.Deploy.0 = Release|x64
		{01BF6BDF-D0CD-4E04-B129-0A17CDE218CD}.AppStore|x86.ActiveCfg = Release|x86
		{01BF6BDF-D0CD-4E04-B129-0A17CDE218CD}.AppStore|x86.Build.0 = Release|x86
		{01BF6BDF-D0CD-4E04-B129-0A17CDE218CD}.AppStore|x86.Deploy.0 = Release|x86
		{01BF6BDF-D0CD-4E04-B129-0A17CDE218CD}.Debug|Any CPU.ActiveCfg = Debug|Any CPU
		{01BF6BDF-D0CD-4E04-B129-0A17CDE218CD}.Debug|Any CPU.Build.0 = Debug|Any CPU
		{01BF6BDF-D0CD-4E04-B129-0A17CDE218CD}.Debug|Any CPU.Deploy.0 = Debug|Any CPU
		{01BF6BDF-D0CD-4E04-B129-0A17CDE218CD}.Debug|ARM.ActiveCfg = Debug|ARM
		{01BF6BDF-D0CD-4E04-B129-0A17CDE218CD}.Debug|ARM.Build.0 = Debug|ARM
		{01BF6BDF-D0CD-4E04-B129-0A17CDE218CD}.Debug|ARM.Deploy.0 = Debug|ARM
		{01BF6BDF-D0CD-4E04-B129-0A17CDE218CD}.Debug|iPhone.ActiveCfg = Debug|Any CPU
		{01BF6BDF-D0CD-4E04-B129-0A17CDE218CD}.Debug|iPhone.Build.0 = Debug|Any CPU
		{01BF6BDF-D0CD-4E04-B129-0A17CDE218CD}.Debug|iPhone.Deploy.0 = Debug|Any CPU
		{01BF6BDF-D0CD-4E04-B129-0A17CDE218CD}.Debug|iPhoneSimulator.ActiveCfg = Debug|Any CPU
		{01BF6BDF-D0CD-4E04-B129-0A17CDE218CD}.Debug|iPhoneSimulator.Build.0 = Debug|Any CPU
		{01BF6BDF-D0CD-4E04-B129-0A17CDE218CD}.Debug|iPhoneSimulator.Deploy.0 = Debug|Any CPU
		{01BF6BDF-D0CD-4E04-B129-0A17CDE218CD}.Debug|x64.ActiveCfg = Debug|x64
		{01BF6BDF-D0CD-4E04-B129-0A17CDE218CD}.Debug|x64.Build.0 = Debug|x64
		{01BF6BDF-D0CD-4E04-B129-0A17CDE218CD}.Debug|x64.Deploy.0 = Debug|x64
		{01BF6BDF-D0CD-4E04-B129-0A17CDE218CD}.Debug|x86.ActiveCfg = Debug|x86
		{01BF6BDF-D0CD-4E04-B129-0A17CDE218CD}.Debug|x86.Build.0 = Debug|x86
		{01BF6BDF-D0CD-4E04-B129-0A17CDE218CD}.Debug|x86.Deploy.0 = Debug|x86
		{01BF6BDF-D0CD-4E04-B129-0A17CDE218CD}.Release|Any CPU.ActiveCfg = Release|Any CPU
		{01BF6BDF-D0CD-4E04-B129-0A17CDE218CD}.Release|Any CPU.Build.0 = Release|Any CPU
		{01BF6BDF-D0CD-4E04-B129-0A17CDE218CD}.Release|Any CPU.Deploy.0 = Release|Any CPU
		{01BF6BDF-D0CD-4E04-B129-0A17CDE218CD}.Release|ARM.ActiveCfg = Release|ARM
		{01BF6BDF-D0CD-4E04-B129-0A17CDE218CD}.Release|ARM.Build.0 = Release|ARM
		{01BF6BDF-D0CD-4E04-B129-0A17CDE218CD}.Release|ARM.Deploy.0 = Release|ARM
		{01BF6BDF-D0CD-4E04-B129-0A17CDE218CD}.Release|iPhone.ActiveCfg = Release|Any CPU
		{01BF6BDF-D0CD-4E04-B129-0A17CDE218CD}.Release|iPhone.Build.0 = Release|Any CPU
		{01BF6BDF-D0CD-4E04-B129-0A17CDE218CD}.Release|iPhone.Deploy.0 = Release|Any CPU
		{01BF6BDF-D0CD-4E04-B129-0A17CDE218CD}.Release|iPhoneSimulator.ActiveCfg = Release|Any CPU
		{01BF6BDF-D0CD-4E04-B129-0A17CDE218CD}.Release|iPhoneSimulator.Build.0 = Release|Any CPU
		{01BF6BDF-D0CD-4E04-B129-0A17CDE218CD}.Release|iPhoneSimulator.Deploy.0 = Release|Any CPU
		{01BF6BDF-D0CD-4E04-B129-0A17CDE218CD}.Release|x64.ActiveCfg = Release|x64
		{01BF6BDF-D0CD-4E04-B129-0A17CDE218CD}.Release|x64.Build.0 = Release|x64
		{01BF6BDF-D0CD-4E04-B129-0A17CDE218CD}.Release|x64.Deploy.0 = Release|x64
		{01BF6BDF-D0CD-4E04-B129-0A17CDE218CD}.Release|x86.ActiveCfg = Release|x86
		{01BF6BDF-D0CD-4E04-B129-0A17CDE218CD}.Release|x86.Build.0 = Release|x86
		{01BF6BDF-D0CD-4E04-B129-0A17CDE218CD}.Release|x86.Deploy.0 = Release|x86
	EndGlobalSection
	GlobalSection(SolutionProperties) = preSolution
		HideSolutionNode = FALSE
	EndGlobalSection
EndGlobal
